
Microsoft Visual Studio Solution File, Format Version 9.00
# Visual Studio 2005
Project("{8BC9CEB8-8B4A-11D0-8D11-00A0C91BC942}") = "LibVrPresent_Test", "LibVrPresent_Test\LibVrPresent_Test.vcproj", "{60105A33-10FC-42BC-9B50-951BFED34EAC}"
EndProject
Project("{8BC9CEB8-8B4A-11D0-8D11-00A0C91BC942}") = "LineQuality_Test", "LineQuality_Test\LineQuality_Test.vcproj", "{2D2E9962-B62B-495B-9A7D-6430E0AC9717}"
EndProject
Project("{8BC9CEB8-8B4A-11D0-8D11-00A0C91BC942}") = "LibVrPresent_Cap_Test", "LibVrPresent_Cap_Test\LibVrPresent_Cap_Test.vcproj", "{AE1E6F92-B57C-40C9-9E9C-C004DCAB0FFC}"
EndProject
Project("{8BC9CEB8-8B4A-11D0-8D11-00A0C91BC942}") = "GfxAnimationTest", "GfxAnimationTest\GfxAnimationTest.vcproj", "{4C1FC61A-748B-4069-BB18-908FAE3E4BE9}"
EndProject
Global
	GlobalSection(SolutionConfigurationPlatforms) = preSolution
		Debug|STANDARD_CE6_SDK (ARMV4I) = Debug|STANDARD_CE6_SDK (ARMV4I)
		Debug|STANDARDSDK_500 (ARMV4I) = Debug|STANDARDSDK_500 (ARMV4I)
		Debug|STANDARDSDK_500 (MIPSII) = Debug|STANDARDSDK_500 (MIPSII)
		Debug|STANDARDSDK_500 (SH4) = Debug|STANDARDSDK_500 (SH4)
		Debug|TitanEVB054700forsdk (ARMV4I) = Debug|TitanEVB054700forsdk (ARMV4I)
		Debug|Win32 = Debug|Win32
		Debug|Windows Mobile 5.0 Pocket PC SDK (ARMV4I) = Debug|Windows Mobile 5.0 Pocket PC SDK (ARMV4I)
		Debug|Windows Mobile 6 Professional SDK (ARMV4I) = Debug|Windows Mobile 6 Professional SDK (ARMV4I)
		Release|STANDARD_CE6_SDK (ARMV4I) = Release|STANDARD_CE6_SDK (ARMV4I)
		Release|STANDARDSDK_500 (ARMV4I) = Release|STANDARDSDK_500 (ARMV4I)
		Release|STANDARDSDK_500 (MIPSII) = Release|STANDARDSDK_500 (MIPSII)
		Release|STANDARDSDK_500 (SH4) = Release|STANDARDSDK_500 (SH4)
		Release|TitanEVB054700forsdk (ARMV4I) = Release|TitanEVB054700forsdk (ARMV4I)
		Release|Win32 = Release|Win32
		Release|Windows Mobile 5.0 Pocket PC SDK (ARMV4I) = Release|Windows Mobile 5.0 Pocket PC SDK (ARMV4I)
		Release|Windows Mobile 6 Professional SDK (ARMV4I) = Release|Windows Mobile 6 Professional SDK (ARMV4I)
	EndGlobalSection
	GlobalSection(ProjectConfigurationPlatforms) = postSolution
		{60105A33-10FC-42BC-9B50-951BFED34EAC}.Debug|STANDARD_CE6_SDK (ARMV4I).ActiveCfg = Debug|STANDARD_CE6_SDK (ARMV4I)
		{60105A33-10FC-42BC-9B50-951BFED34EAC}.Debug|STANDARD_CE6_SDK (ARMV4I).Build.0 = Debug|STANDARD_CE6_SDK (ARMV4I)
		{60105A33-10FC-42BC-9B50-951BFED34EAC}.Debug|STANDARD_CE6_SDK (ARMV4I).Deploy.0 = Debug|STANDARD_CE6_SDK (ARMV4I)
		{60105A33-10FC-42BC-9B50-951BFED34EAC}.Debug|STANDARDSDK_500 (ARMV4I).ActiveCfg = Debug|STANDARDSDK_500 (ARMV4I)
		{60105A33-10FC-42BC-9B50-951BFED34EAC}.Debug|STANDARDSDK_500 (ARMV4I).Build.0 = Debug|STANDARDSDK_500 (ARMV4I)
		{60105A33-10FC-42BC-9B50-951BFED34EAC}.Debug|STANDARDSDK_500 (ARMV4I).Deploy.0 = Debug|STANDARDSDK_500 (ARMV4I)
		{60105A33-10FC-42BC-9B50-951BFED34EAC}.Debug|STANDARDSDK_500 (MIPSII).ActiveCfg = Debug|STANDARDSDK_500 (MIPSII)
		{60105A33-10FC-42BC-9B50-951BFED34EAC}.Debug|STANDARDSDK_500 (MIPSII).Build.0 = Debug|STANDARDSDK_500 (MIPSII)
		{60105A33-10FC-42BC-9B50-951BFED34EAC}.Debug|STANDARDSDK_500 (MIPSII).Deploy.0 = Debug|STANDARDSDK_500 (MIPSII)
		{60105A33-10FC-42BC-9B50-951BFED34EAC}.Debug|STANDARDSDK_500 (SH4).ActiveCfg = Debug|STANDARDSDK_500 (SH4)
		{60105A33-10FC-42BC-9B50-951BFED34EAC}.Debug|STANDARDSDK_500 (SH4).Build.0 = Debug|STANDARDSDK_500 (SH4)
		{60105A33-10FC-42BC-9B50-951BFED34EAC}.Debug|STANDARDSDK_500 (SH4).Deploy.0 = Debug|STANDARDSDK_500 (SH4)
		{60105A33-10FC-42BC-9B50-951BFED34EAC}.Debug|TitanEVB054700forsdk (ARMV4I).ActiveCfg = Debug|STANDARDSDK_500 (SH4)
		{60105A33-10FC-42BC-9B50-951BFED34EAC}.Debug|Win32.ActiveCfg = Debug|Win32
		{60105A33-10FC-42BC-9B50-951BFED34EAC}.Debug|Win32.Build.0 = Debug|Win32
		{60105A33-10FC-42BC-9B50-951BFED34EAC}.Debug|Windows Mobile 5.0 Pocket PC SDK (ARMV4I).ActiveCfg = Debug|Win32
		{60105A33-10FC-42BC-9B50-951BFED34EAC}.Debug|Windows Mobile 6 Professional SDK (ARMV4I).ActiveCfg = Debug|Win32
		{60105A33-10FC-42BC-9B50-951BFED34EAC}.Release|STANDARD_CE6_SDK (ARMV4I).ActiveCfg = Release|STANDARD_CE6_SDK (ARMV4I)
		{60105A33-10FC-42BC-9B50-951BFED34EAC}.Release|STANDARD_CE6_SDK (ARMV4I).Build.0 = Release|STANDARD_CE6_SDK (ARMV4I)
		{60105A33-10FC-42BC-9B50-951BFED34EAC}.Release|STANDARD_CE6_SDK (ARMV4I).Deploy.0 = Release|STANDARD_CE6_SDK (ARMV4I)
		{60105A33-10FC-42BC-9B50-951BFED34EAC}.Release|STANDARDSDK_500 (ARMV4I).ActiveCfg = Release|STANDARDSDK_500 (ARMV4I)
		{60105A33-10FC-42BC-9B50-951BFED34EAC}.Release|STANDARDSDK_500 (ARMV4I).Build.0 = Release|STANDARDSDK_500 (ARMV4I)
		{60105A33-10FC-42BC-9B50-951BFED34EAC}.Release|STANDARDSDK_500 (ARMV4I).Deploy.0 = Release|STANDARDSDK_500 (ARMV4I)
		{60105A33-10FC-42BC-9B50-951BFED34EAC}.Release|STANDARDSDK_500 (MIPSII).ActiveCfg = Release|STANDARDSDK_500 (ARMV4I)
		{60105A33-10FC-42BC-9B50-951BFED34EAC}.Release|STANDARDSDK_500 (MIPSII).Build.0 = Release|STANDARDSDK_500 (ARMV4I)
		{60105A33-10FC-42BC-9B50-951BFED34EAC}.Release|STANDARDSDK_500 (MIPSII).Deploy.0 = Release|STANDARDSDK_500 (ARMV4I)
		{60105A33-10FC-42BC-9B50-951BFED34EAC}.Release|STANDARDSDK_500 (SH4).ActiveCfg = Release|STANDARDSDK_500 (SH4)
		{60105A33-10FC-42BC-9B50-951BFED34EAC}.Release|STANDARDSDK_500 (SH4).Build.0 = Release|STANDARDSDK_500 (SH4)
		{60105A33-10FC-42BC-9B50-951BFED34EAC}.Release|STANDARDSDK_500 (SH4).Deploy.0 = Release|STANDARDSDK_500 (SH4)
		{60105A33-10FC-42BC-9B50-951BFED34EAC}.Release|TitanEVB054700forsdk (ARMV4I).ActiveCfg = Release|STANDARDSDK_500 (SH4)
		{60105A33-10FC-42BC-9B50-951BFED34EAC}.Release|Win32.ActiveCfg = Release|Win32
		{60105A33-10FC-42BC-9B50-951BFED34EAC}.Release|Win32.Build.0 = Release|Win32
		{60105A33-10FC-42BC-9B50-951BFED34EAC}.Release|Windows Mobile 5.0 Pocket PC SDK (ARMV4I).ActiveCfg = Release|Win32
		{60105A33-10FC-42BC-9B50-951BFED34EAC}.Release|Windows Mobile 6 Professional SDK (ARMV4I).ActiveCfg = Release|Win32
		{2D2E9962-B62B-495B-9A7D-6430E0AC9717}.Debug|STANDARD_CE6_SDK (ARMV4I).ActiveCfg = Debug|STANDARD_CE6_SDK (ARMV4I)
		{2D2E9962-B62B-495B-9A7D-6430E0AC9717}.Debug|STANDARD_CE6_SDK (ARMV4I).Build.0 = Debug|STANDARD_CE6_SDK (ARMV4I)
		{2D2E9962-B62B-495B-9A7D-6430E0AC9717}.Debug|STANDARD_CE6_SDK (ARMV4I).Deploy.0 = Debug|STANDARD_CE6_SDK (ARMV4I)
		{2D2E9962-B62B-495B-9A7D-6430E0AC9717}.Debug|STANDARDSDK_500 (ARMV4I).ActiveCfg = Debug|STANDARDSDK_500 (ARMV4I)
		{2D2E9962-B62B-495B-9A7D-6430E0AC9717}.Debug|STANDARDSDK_500 (ARMV4I).Build.0 = Debug|STANDARDSDK_500 (ARMV4I)
		{2D2E9962-B62B-495B-9A7D-6430E0AC9717}.Debug|STANDARDSDK_500 (ARMV4I).Deploy.0 = Debug|STANDARDSDK_500 (ARMV4I)
		{2D2E9962-B62B-495B-9A7D-6430E0AC9717}.Debug|STANDARDSDK_500 (MIPSII).ActiveCfg = Debug|STANDARDSDK_500 (MIPSII)
		{2D2E9962-B62B-495B-9A7D-6430E0AC9717}.Debug|STANDARDSDK_500 (MIPSII).Build.0 = Debug|STANDARDSDK_500 (MIPSII)
		{2D2E9962-B62B-495B-9A7D-6430E0AC9717}.Debug|STANDARDSDK_500 (MIPSII).Deploy.0 = Debug|STANDARDSDK_500 (MIPSII)
		{2D2E9962-B62B-495B-9A7D-6430E0AC9717}.Debug|STANDARDSDK_500 (SH4).ActiveCfg = Debug|STANDARDSDK_500 (SH4)
		{2D2E9962-B62B-495B-9A7D-6430E0AC9717}.Debug|TitanEVB054700forsdk (ARMV4I).ActiveCfg = Debug|STANDARDSDK_500 (SH4)
		{2D2E9962-B62B-495B-9A7D-6430E0AC9717}.Debug|Win32.ActiveCfg = Debug|Win32
		{2D2E9962-B62B-495B-9A7D-6430E0AC9717}.Debug|Windows Mobile 5.0 Pocket PC SDK (ARMV4I).ActiveCfg = Debug|Win32
		{2D2E9962-B62B-495B-9A7D-6430E0AC9717}.Debug|Windows Mobile 6 Professional SDK (ARMV4I).ActiveCfg = Debug|Win32
		{2D2E9962-B62B-495B-9A7D-6430E0AC9717}.Release|STANDARD_CE6_SDK (ARMV4I).ActiveCfg = Release|STANDARD_CE6_SDK (ARMV4I)
		{2D2E9962-B62B-495B-9A7D-6430E0AC9717}.Release|STANDARD_CE6_SDK (ARMV4I).Build.0 = Release|STANDARD_CE6_SDK (ARMV4I)
		{2D2E9962-B62B-495B-9A7D-6430E0AC9717}.Release|STANDARD_CE6_SDK (ARMV4I).Deploy.0 = Release|STANDARD_CE6_SDK (ARMV4I)
		{2D2E9962-B62B-495B-9A7D-6430E0AC9717}.Release|STANDARDSDK_500 (ARMV4I).ActiveCfg = Release|STANDARDSDK_500 (ARMV4I)
		{2D2E9962-B62B-495B-9A7D-6430E0AC9717}.Release|STANDARDSDK_500 (ARMV4I).Build.0 = Release|STANDARDSDK_500 (ARMV4I)
		{2D2E9962-B62B-495B-9A7D-6430E0AC9717}.Release|STANDARDSDK_500 (ARMV4I).Deploy.0 = Release|STANDARDSDK_500 (ARMV4I)
		{2D2E9962-B62B-495B-9A7D-6430E0AC9717}.Release|STANDARDSDK_500 (MIPSII).ActiveCfg = Release|STANDARDSDK_500 (ARMV4I)
		{2D2E9962-B62B-495B-9A7D-6430E0AC9717}.Release|STANDARDSDK_500 (MIPSII).Build.0 = Release|STANDARDSDK_500 (ARMV4I)
		{2D2E9962-B62B-495B-9A7D-6430E0AC9717}.Release|STANDARDSDK_500 (MIPSII).Deploy.0 = Release|STANDARDSDK_500 (ARMV4I)
		{2D2E9962-B62B-495B-9A7D-6430E0AC9717}.Release|STANDARDSDK_500 (SH4).ActiveCfg = Release|STANDARDSDK_500 (SH4)
		{2D2E9962-B62B-495B-9A7D-6430E0AC9717}.Release|STANDARDSDK_500 (SH4).Build.0 = Release|STANDARDSDK_500 (SH4)
		{2D2E9962-B62B-495B-9A7D-6430E0AC9717}.Release|STANDARDSDK_500 (SH4).Deploy.0 = Release|STANDARDSDK_500 (SH4)
		{2D2E9962-B62B-495B-9A7D-6430E0AC9717}.Release|TitanEVB054700forsdk (ARMV4I).ActiveCfg = Release|STANDARDSDK_500 (SH4)
		{2D2E9962-B62B-495B-9A7D-6430E0AC9717}.Release|Win32.ActiveCfg = Release|Win32
		{2D2E9962-B62B-495B-9A7D-6430E0AC9717}.Release|Windows Mobile 5.0 Pocket PC SDK (ARMV4I).ActiveCfg = Release|Win32
		{2D2E9962-B62B-495B-9A7D-6430E0AC9717}.Release|Windows Mobile 6 Professional SDK (ARMV4I).ActiveCfg = Release|Win32
		{AE1E6F92-B57C-40C9-9E9C-C004DCAB0FFC}.Debug|STANDARD_CE6_SDK (ARMV4I).ActiveCfg = Debug|STANDARD_CE6_SDK (ARMV4I)
		{AE1E6F92-B57C-40C9-9E9C-C004DCAB0FFC}.Debug|STANDARD_CE6_SDK (ARMV4I).Deploy.0 = Debug|STANDARD_CE6_SDK (ARMV4I)
		{AE1E6F92-B57C-40C9-9E9C-C004DCAB0FFC}.Debug|STANDARDSDK_500 (ARMV4I).ActiveCfg = Debug|Win32
		{AE1E6F92-B57C-40C9-9E9C-C004DCAB0FFC}.Debug|STANDARDSDK_500 (MIPSII).ActiveCfg = Debug|Win32
		{AE1E6F92-B57C-40C9-9E9C-C004DCAB0FFC}.Debug|STANDARDSDK_500 (SH4).ActiveCfg = Debug|STANDARDSDK_500 (SH4)
		{AE1E6F92-B57C-40C9-9E9C-C004DCAB0FFC}.Debug|TitanEVB054700forsdk (ARMV4I).ActiveCfg = Debug|Win32
		{AE1E6F92-B57C-40C9-9E9C-C004DCAB0FFC}.Debug|Win32.ActiveCfg = Debug|Win32
		{AE1E6F92-B57C-40C9-9E9C-C004DCAB0FFC}.Debug|Windows Mobile 5.0 Pocket PC SDK (ARMV4I).ActiveCfg = Debug|Win32
		{AE1E6F92-B57C-40C9-9E9C-C004DCAB0FFC}.Debug|Windows Mobile 6 Professional SDK (ARMV4I).ActiveCfg = Debug|Win32
		{AE1E6F92-B57C-40C9-9E9C-C004DCAB0FFC}.Release|STANDARD_CE6_SDK (ARMV4I).ActiveCfg = Release|STANDARD_CE6_SDK (ARMV4I)
		{AE1E6F92-B57C-40C9-9E9C-C004DCAB0FFC}.Release|STANDARD_CE6_SDK (ARMV4I).Deploy.0 = Release|STANDARD_CE6_SDK (ARMV4I)
		{AE1E6F92-B57C-40C9-9E9C-C004DCAB0FFC}.Release|STANDARDSDK_500 (ARMV4I).ActiveCfg = Release|Win32
		{AE1E6F92-B57C-40C9-9E9C-C004DCAB0FFC}.Release|STANDARDSDK_500 (MIPSII).ActiveCfg = Release|Win32
		{AE1E6F92-B57C-40C9-9E9C-C004DCAB0FFC}.Release|STANDARDSDK_500 (SH4).ActiveCfg = Release|STANDARDSDK_500 (SH4)
		{AE1E6F92-B57C-40C9-9E9C-C004DCAB0FFC}.Release|STANDARDSDK_500 (SH4).Build.0 = Release|STANDARDSDK_500 (SH4)
		{AE1E6F92-B57C-40C9-9E9C-C004DCAB0FFC}.Release|STANDARDSDK_500 (SH4).Deploy.0 = Release|STANDARDSDK_500 (SH4)
		{AE1E6F92-B57C-40C9-9E9C-C004DCAB0FFC}.Release|TitanEVB054700forsdk (ARMV4I).ActiveCfg = Release|Win32
		{AE1E6F92-B57C-40C9-9E9C-C004DCAB0FFC}.Release|Win32.ActiveCfg = Release|Win32
		{AE1E6F92-B57C-40C9-9E9C-C004DCAB0FFC}.Release|Windows Mobile 5.0 Pocket PC SDK (ARMV4I).ActiveCfg = Release|Win32
		{AE1E6F92-B57C-40C9-9E9C-C004DCAB0FFC}.Release|Windows Mobile 6 Professional SDK (ARMV4I).ActiveCfg = Release|Win32
		{4C1FC61A-748B-4069-BB18-908FAE3E4BE9}.Debug|STANDARD_CE6_SDK (ARMV4I).ActiveCfg = Debug|Win32
		{4C1FC61A-748B-4069-BB18-908FAE3E4BE9}.Debug|STANDARDSDK_500 (ARMV4I).ActiveCfg = Debug|Win32
		{4C1FC61A-748B-4069-BB18-908FAE3E4BE9}.Debug|STANDARDSDK_500 (MIPSII).ActiveCfg = Debug|Win32
		{4C1FC61A-748B-4069-BB18-908FAE3E4BE9}.Debug|STANDARDSDK_500 (SH4).ActiveCfg = Debug|STANDARDSDK_500 (SH4)
		{4C1FC61A-748B-4069-BB18-908FAE3E4BE9}.Debug|TitanEVB054700forsdk (ARMV4I).ActiveCfg = Debug|Win32
		{4C1FC61A-748B-4069-BB18-908FAE3E4BE9}.Debug|Win32.ActiveCfg = Debug|Win32
		{4C1FC61A-748B-4069-BB18-908FAE3E4BE9}.Debug|Windows Mobile 5.0 Pocket PC SDK (ARMV4I).ActiveCfg = Debug|Win32
		{4C1FC61A-748B-4069-BB18-908FAE3E4BE9}.Debug|Windows Mobile 6 Professional SDK (ARMV4I).ActiveCfg = Debug|Win32
		{4C1FC61A-748B-4069-BB18-908FAE3E4BE9}.Release|STANDARD_CE6_SDK (ARMV4I).ActiveCfg = Release|Win32
		{4C1FC61A-748B-4069-BB18-908FAE3E4BE9}.Release|STANDARDSDK_500 (ARMV4I).ActiveCfg = Release|Win32
		{4C1FC61A-748B-4069-BB18-908FAE3E4BE9}.Release|STANDARDSDK_500 (MIPSII).ActiveCfg = Release|Win32
		{4C1FC61A-748B-4069-BB18-908FAE3E4BE9}.Release|STANDARDSDK_500 (SH4).ActiveCfg = Release|STANDARDSDK_500 (SH4)
		{4C1FC61A-748B-4069-BB18-908FAE3E4BE9}.Release|STANDARDSDK_500 (SH4).Build.0 = Release|STANDARDSDK_500 (SH4)
		{4C1FC61A-748B-4069-BB18-908FAE3E4BE9}.Release|STANDARDSDK_500 (SH4).Deploy.0 = Release|STANDARDSDK_500 (SH4)
		{4C1FC61A-748B-4069-BB18-908FAE3E4BE9}.Release|TitanEVB054700forsdk (ARMV4I).ActiveCfg = Release|Win32
		{4C1FC61A-748B-4069-BB18-908FAE3E4BE9}.Release|Win32.ActiveCfg = Release|Win32
		{4C1FC61A-748B-4069-BB18-908FAE3E4BE9}.Release|Win32.Build.0 = Release|Win32
		{4C1FC61A-748B-4069-BB18-908FAE3E4BE9}.Release|Windows Mobile 5.0 Pocket PC SDK (ARMV4I).ActiveCfg = Release|Win32
		{4C1FC61A-748B-4069-BB18-908FAE3E4BE9}.Release|Windows Mobile 6 Professional SDK (ARMV4I).ActiveCfg = Release|Win32
	EndGlobalSection
	GlobalSection(SolutionProperties) = preSolution
		HideSolutionNode = FALSE
	EndGlobalSection
EndGlobal
