
Microsoft Visual Studio Solution File, Format Version 9.00
# Visual Studio 2005
Project("{8BC9CEB8-8B4A-11D0-8D11-00A0C91BC942}") = "SRIF_TITIANII_SETDEST_TEST", "SRIF_TITIANII_SETDEST_TEST\SRIF_TITIANII_SETDEST_TEST.vcproj", "{2833F717-913E-4F0C-BCC5-FC54E712A350}"
EndProject
Global
	GlobalSection(SolutionConfigurationPlatforms) = preSolution
		Debug|STANDARD_CE6_SDK (ARMV4I) = Debug|STANDARD_CE6_SDK (ARMV4I)
		Release|STANDARD_CE6_SDK (ARMV4I) = Release|STANDARD_CE6_SDK (ARMV4I)
	EndGlobalSection
	GlobalSection(ProjectConfigurationPlatforms) = postSolution
		{2833F717-913E-4F0C-BCC5-FC54E712A350}.Debug|STANDARD_CE6_SDK (ARMV4I).ActiveCfg = Debug|STANDARD_CE6_SDK (ARMV4I)
		{2833F717-913E-4F0C-BCC5-FC54E712A350}.Debug|STANDARD_CE6_SDK (ARMV4I).Build.0 = Debug|STANDARD_CE6_SDK (ARMV4I)
		{2833F717-913E-4F0C-BCC5-FC54E712A350}.Debug|STANDARD_CE6_SDK (ARMV4I).Deploy.0 = Debug|STANDARD_CE6_SDK (ARMV4I)
		{2833F717-913E-4F0C-BCC5-FC54E712A350}.Release|STANDARD_CE6_SDK (ARMV4I).ActiveCfg = Release|STANDARD_CE6_SDK (ARMV4I)
		{2833F717-913E-4F0C-BCC5-FC54E712A350}.Release|STANDARD_CE6_SDK (ARMV4I).Build.0 = Release|STANDARD_CE6_SDK (ARMV4I)
		{2833F717-913E-4F0C-BCC5-FC54E712A350}.Release|STANDARD_CE6_SDK (ARMV4I).Deploy.0 = Release|STANDARD_CE6_SDK (ARMV4I)
	EndGlobalSection
	GlobalSection(SolutionProperties) = preSolution
		HideSolutionNode = FALSE
	EndGlobalSection
EndGlobal
