
Microsoft Visual Studio Solution File, Format Version 9.00
# Visual Studio 2005
Project("{8BC9CEB8-8B4A-11D0-8D11-00A0C91BC942}") = "HW_MSDK", "HW_MSDK.vcproj", "{10BFFB3D-9719-462C-9394-24223BB20DE8}"
	ProjectSection(WebsiteProperties) = preProject
		Debug.AspNetCompiler.Debug = "True"
		Release.AspNetCompiler.Debug = "False"
	EndProjectSection
EndProject
Project("{8BC9CEB8-8B4A-11D0-8D11-00A0C91BC942}") = "sample", "sample\sample.vcproj", "{819DEBEF-F450-49C1-886C-B4E96931FA42}"
	ProjectSection(WebsiteProperties) = preProject
		Debug.AspNetCompiler.Debug = "True"
		Release.AspNetCompiler.Debug = "False"
	EndProjectSection
	ProjectSection(ProjectDependencies) = postProject
		{10BFFB3D-9719-462C-9394-24223BB20DE8} = {10BFFB3D-9719-462C-9394-24223BB20DE8}
	EndProjectSection
EndProject
Global
	GlobalSection(SolutionConfigurationPlatforms) = preSolution
		Debug|MT8530_WINCE600_SDK (ARMV4I) = Debug|MT8530_WINCE600_SDK (ARMV4I)
		Release|MT8530_WINCE600_SDK (ARMV4I) = Release|MT8530_WINCE600_SDK (ARMV4I)
	EndGlobalSection
	GlobalSection(ProjectConfigurationPlatforms) = postSolution
		{10BFFB3D-9719-462C-9394-24223BB20DE8}.Debug|MT8530_WINCE600_SDK (ARMV4I).ActiveCfg = Debug|MT8530_WINCE600_SDK (ARMV4I)
		{10BFFB3D-9719-462C-9394-24223BB20DE8}.Debug|MT8530_WINCE600_SDK (ARMV4I).Build.0 = Debug|MT8530_WINCE600_SDK (ARMV4I)
		{10BFFB3D-9719-462C-9394-24223BB20DE8}.Debug|MT8530_WINCE600_SDK (ARMV4I).Deploy.0 = Debug|MT8530_WINCE600_SDK (ARMV4I)
		{10BFFB3D-9719-462C-9394-24223BB20DE8}.Release|MT8530_WINCE600_SDK (ARMV4I).ActiveCfg = Release|MT8530_WINCE600_SDK (ARMV4I)
		{10BFFB3D-9719-462C-9394-24223BB20DE8}.Release|MT8530_WINCE600_SDK (ARMV4I).Build.0 = Release|MT8530_WINCE600_SDK (ARMV4I)
		{10BFFB3D-9719-462C-9394-24223BB20DE8}.Release|MT8530_WINCE600_SDK (ARMV4I).Deploy.0 = Release|MT8530_WINCE600_SDK (ARMV4I)
		{819DEBEF-F450-49C1-886C-B4E96931FA42}.Debug|MT8530_WINCE600_SDK (ARMV4I).ActiveCfg = Debug|MT8530_WINCE600_SDK (ARMV4I)
		{819DEBEF-F450-49C1-886C-B4E96931FA42}.Debug|MT8530_WINCE600_SDK (ARMV4I).Build.0 = Debug|MT8530_WINCE600_SDK (ARMV4I)
		{819DEBEF-F450-49C1-886C-B4E96931FA42}.Debug|MT8530_WINCE600_SDK (ARMV4I).Deploy.0 = Debug|MT8530_WINCE600_SDK (ARMV4I)
		{819DEBEF-F450-49C1-886C-B4E96931FA42}.Release|MT8530_WINCE600_SDK (ARMV4I).ActiveCfg = Release|MT8530_WINCE600_SDK (ARMV4I)
		{819DEBEF-F450-49C1-886C-B4E96931FA42}.Release|MT8530_WINCE600_SDK (ARMV4I).Build.0 = Release|MT8530_WINCE600_SDK (ARMV4I)
		{819DEBEF-F450-49C1-886C-B4E96931FA42}.Release|MT8530_WINCE600_SDK (ARMV4I).Deploy.0 = Release|MT8530_WINCE600_SDK (ARMV4I)
	EndGlobalSection
	GlobalSection(SolutionProperties) = preSolution
		HideSolutionNode = FALSE
	EndGlobalSection
EndGlobal
