
Microsoft Visual Studio Solution File, Format Version 9.00
# Visual Studio 2005
Project("{8BC9CEB8-8B4A-11D0-8D11-00A0C91BC942}") = "MMDemo2005", "MMDemo2005\MMDemo2005.vcproj", "{267C95DD-F6BB-48A8-B63F-ACA539B7E4F2}"
EndProject
Global
	GlobalSection(SolutionConfigurationPlatforms) = preSolution
		Debug|SiRFprima_EVB_CE6_SDK (ARMV4I) = Debug|SiRFprima_EVB_CE6_SDK (ARMV4I)
		Release|SiRFprima_EVB_CE6_SDK (ARMV4I) = Release|SiRFprima_EVB_CE6_SDK (ARMV4I)
	EndGlobalSection
	GlobalSection(ProjectConfigurationPlatforms) = postSolution
		{267C95DD-F6BB-48A8-B63F-ACA539B7E4F2}.Debug|SiRFprima_EVB_CE6_SDK (ARMV4I).ActiveCfg = Debug|SiRFprima_EVB_CE6_SDK (ARMV4I)
		{267C95DD-F6BB-48A8-B63F-ACA539B7E4F2}.Debug|SiRFprima_EVB_CE6_SDK (ARMV4I).Build.0 = Debug|SiRFprima_EVB_CE6_SDK (ARMV4I)
		{267C95DD-F6BB-48A8-B63F-ACA539B7E4F2}.Debug|SiRFprima_EVB_CE6_SDK (ARMV4I).Deploy.0 = Debug|SiRFprima_EVB_CE6_SDK (ARMV4I)
		{267C95DD-F6BB-48A8-B63F-ACA539B7E4F2}.Release|SiRFprima_EVB_CE6_SDK (ARMV4I).ActiveCfg = Release|SiRFprima_EVB_CE6_SDK (ARMV4I)
		{267C95DD-F6BB-48A8-B63F-ACA539B7E4F2}.Release|SiRFprima_EVB_CE6_SDK (ARMV4I).Build.0 = Release|SiRFprima_EVB_CE6_SDK (ARMV4I)
		{267C95DD-F6BB-48A8-B63F-ACA539B7E4F2}.Release|SiRFprima_EVB_CE6_SDK (ARMV4I).Deploy.0 = Release|SiRFprima_EVB_CE6_SDK (ARMV4I)
	EndGlobalSection
	GlobalSection(SolutionProperties) = preSolution
		HideSolutionNode = FALSE
	EndGlobalSection
EndGlobal
