
Microsoft Visual Studio Solution File, Format Version 9.00
# Visual Studio 2005
Project("{8BC9CEB8-8B4A-11D0-8D11-00A0C91BC942}") = "test2", "test2\test2.vcproj", "{91D32EC5-AC19-46FC-9886-CA8AC38A6847}"
EndProject
Global
	GlobalSection(SolutionConfigurationPlatforms) = preSolution
		Debug|STANDARD_CE6_SDK (ARMV4I) = Debug|STANDARD_CE6_SDK (ARMV4I)
		Release|STANDARD_CE6_SDK (ARMV4I) = Release|STANDARD_CE6_SDK (ARMV4I)
	EndGlobalSection
	GlobalSection(ProjectConfigurationPlatforms) = postSolution
		{91D32EC5-AC19-46FC-9886-CA8AC38A6847}.Debug|STANDARD_CE6_SDK (ARMV4I).ActiveCfg = Debug|STANDARD_CE6_SDK (ARMV4I)
		{91D32EC5-AC19-46FC-9886-CA8AC38A6847}.Debug|STANDARD_CE6_SDK (ARMV4I).Build.0 = Debug|STANDARD_CE6_SDK (ARMV4I)
		{91D32EC5-AC19-46FC-9886-CA8AC38A6847}.Debug|STANDARD_CE6_SDK (ARMV4I).Deploy.0 = Debug|STANDARD_CE6_SDK (ARMV4I)
		{91D32EC5-AC19-46FC-9886-CA8AC38A6847}.Release|STANDARD_CE6_SDK (ARMV4I).ActiveCfg = Release|STANDARD_CE6_SDK (ARMV4I)
		{91D32EC5-AC19-46FC-9886-CA8AC38A6847}.Release|STANDARD_CE6_SDK (ARMV4I).Build.0 = Release|STANDARD_CE6_SDK (ARMV4I)
		{91D32EC5-AC19-46FC-9886-CA8AC38A6847}.Release|STANDARD_CE6_SDK (ARMV4I).Deploy.0 = Release|STANDARD_CE6_SDK (ARMV4I)
	EndGlobalSection
	GlobalSection(SolutionProperties) = preSolution
		HideSolutionNode = FALSE
	EndGlobalSection
EndGlobal
